<Solution>
  <Folder Name="/Solution Items/">
    <File Path="Directory.Build.props" />
    <File Path="global.json" />
  </Folder>
  <Project Path="YardController.Tests/YardController.Tests.csproj" Id="2c318157-3926-43d3-a904-4d1ded37629c" />
  <Project Path="YardController.App/YardController.App.csproj" />
</Solution>
